
Microsoft Visual Studio Solution File, Format Version 12.00
# Visual Studio 15
VisualStudioVersion = 15.0.28307.645
MinimumVisualStudioVersion = 10.0.40219.1
Project("{FAE04EC0-301F-11D3-BF4B-00C04F79EFBC}") = "WindowsFormsApp1", "WindowsFormsApp1\WindowsFormsApp1.csproj", "{5B825BF1-1C1D-4808-890D-FAD9EE9C4EC2}"
EndProject
Global
	GlobalSection(SolutionConfigurationPlatforms) = preSolution
		Debug|Any CPU = Debug|Any CPU
		Release|Any CPU = Release|Any CPU
	EndGlobalSection
	GlobalSection(ProjectConfigurationPlatforms) = postSolution
		{5B825BF1-1C1D-4808-890D-FAD9EE9C4EC2}.Debug|Any CPU.ActiveCfg = Debug|Any CPU
		{5B825BF1-1C1D-4808-890D-FAD9EE9C4EC2}.Debug|Any CPU.Build.0 = Debug|Any CPU
		{5B825BF1-1C1D-4808-890D-FAD9EE9C4EC2}.Release|Any CPU.ActiveCfg = Release|Any CPU
		{5B825BF1-1C1D-4808-890D-FAD9EE9C4EC2}.Release|Any CPU.Build.0 = Release|Any CPU
	EndGlobalSection
	GlobalSection(SolutionProperties) = preSolution
		HideSolutionNode = FALSE
	EndGlobalSection
	GlobalSection(ExtensibilityGlobals) = postSolution
		SolutionGuid = {AF226009-60E5-4A53-BBF7-F90B007DED8E}
	EndGlobalSection
EndGlobal
